{
  "version": 1,
  "dependencies": {
    "net9.0-windows7.0": {
      "CSharpFunctionalExtensions": {
        "type": "Direct",
        "requested": "[3.5.1, )",
        "resolved": "3.5.1",
        "contentHash": "J9wNzOzRdc4pfO3WREYR19zjp585y7/y9TKQXKkbxxnXt7N6h2Q8AjP0+bayrgRVxpU9COaFMA8961xbptYsUg=="
      },
      "DitzyExtensions": {
        "type": "Direct",
        "requested": "[1.3.1, )",
        "resolved": "1.3.1",
        "contentHash": "gwFmEGtNEjrEs5CGGs85kRlwC8Yte9aS320JU4fbPh6KvM9cOCMGFr+HJM4cO3RI5HWGMNFgRLWmLJuVMtEmhw==",
        "dependencies": {
          "CSharpFunctionalExtensions": "3.5.1"
        }
      },
      "DotNet.ReproducibleBuilds": {
        "type": "Direct",
        "requested": "[1.2.25, )",
        "resolved": "1.2.25",
        "contentHash": "xCXiw7BCxHJ8pF6wPepRUddlh2dlQlbr81gXA72hdk4FLHkKXas7EH/n+fk5UCA/YfMqG1Z6XaPiUjDbUNBUzg=="
      }
    }
  }
}