{
  "version": 1,
  "dependencies": {
    "net10.0-windows7.0": {
      "CSharpFunctionalExtensions": {
        "type": "Direct",
        "requested": "[3.6.0, )",
        "resolved": "3.6.0",
        "contentHash": "c+oWbfDKKjpOLPMxn/iPn1GL24YTJMtOiGfj0AsDKZ2v6/Mr6V7BfzfWLg6KqNRx3KRy3KcQE680SwvDTI/jcg=="
      },
      "DitzyExtensions": {
        "type": "Direct",
        "requested": "[3.2.0, )",
        "resolved": "3.2.0",
        "contentHash": "cfuXYy9wah4cdzMqQF8Y0ftHgNdMWh37b28owUPjpSOwP71m8JsDbw9QM3j1/byjdrfB5EEQNWe7Yag+Y6FjDg==",
        "dependencies": {
          "CSharpFunctionalExtensions": "3.6.0"
        }
      },
      "DotNet.ReproducibleBuilds": {
        "type": "Direct",
        "requested": "[1.2.39, )",
        "resolved": "1.2.39",
        "contentHash": "fcFN01tDTIQqDuTwr1jUQK/geofiwjG5DycJQOnC72i1SsLAk1ELe+apBOuZ11UMQG8YKFZG1FgvjZPbqHyatg=="
      }
    }
  }
}